
Microsoft Visual Studio Solution File, Format Version 12.00
Project("{FAE04EC0-301F-11D3-BF4B-00C04F79EFBC}") = "CreditsApp", "CreditsApp.csproj", "{EC22A630-D2EF-41E8-99FC-76639C10D281}"
EndProject
Global
	GlobalSection(SolutionConfigurationPlatforms) = preSolution
		Debug|Any CPU = Debug|Any CPU
		Release|Any CPU = Release|Any CPU
	EndGlobalSection
	GlobalSection(ProjectConfigurationPlatforms) = postSolution
		{EC22A630-D2EF-41E8-99FC-76639C10D281}.Debug|Any CPU.ActiveCfg = Debug|Any CPU
		{EC22A630-D2EF-41E8-99FC-76639C10D281}.Debug|Any CPU.Build.0 = Debug|Any CPU
		{EC22A630-D2EF-41E8-99FC-76639C10D281}.Release|Any CPU.ActiveCfg = Release|Any CPU
		{EC22A630-D2EF-41E8-99FC-76639C10D281}.Release|Any CPU.Build.0 = Release|Any CPU
	EndGlobalSection
EndGlobal
